github.com/airbnb/lottie-web v5.12.2+incompatible h1:Ldogtlhiucf7mMsgisyxSBY0qunV44+lpa9Icy2KoQc=
github.com/airbnb/lottie-web v5.12.2+incompatible/go.mod h1:nTss557UK9FGnp8QYlCMO29tjUHwbdAHG/DprbGfHGE=
github.com/gethinode/hinode v0.24.1 h1:+t1Q6mv38x5o9fmjrIt7f2HLkr7xyoToIbPkaJoOZyY=
github.com/gethinode/hinode v0.24.1/go.mod h1:Fck4IozLCFi6ISNFIOKu4KqS188/4fVPQwxqqRBcv44=
github.com/gethinode/mod-bootstrap v1.3.0 h1:UxNmXgXo7gA8C8z1ar47+tSccmKYpaYBBN+txB0pwBk=
github.com/gethinode/mod-bootstrap v1.3.0/go.mod h1:CL9IDot6nbXIWJYE/KxfsTdYYEJIGL17BXbAYPn+wVQ=
github.com/gethinode/mod-flexsearch v1.12.0 h1:zg1IHvc8VO9WEtQuQnuG6HeWFNByvyqC9JYWDtpsP6s=
github.com/gethinode/mod-flexsearch v1.12.0/go.mod h1:L8hrnpupx27cez2ObMX8gWnhbW6qss4HGH1Ea4UaBRQ=
github.com/gethinode/mod-fontawesome v1.9.0 h1:xqUB8AnezMHAt8lye4ksqvmHSVPCOkiHsHGUbqNoeP0=
github.com/gethinode/mod-fontawesome v1.9.0/go.mod h1:xBKsZH3WJtMOItZVlp9SbO51uaBy6IbvUZSKpNu3b6Y=
github.com/gethinode/mod-katex v1.1.0 h1:PxST3HPUt6F2X/xKakTVeTkwWqCtEr53K1vYEOyQu3I=
github.com/gethinode/mod-katex v1.1.0/go.mod h1:byAfpI3wuqNJIooTGVEGc1cjBhhCy4+CcK1H6495MYg=
github.com/gethinode/mod-leaflet v1.1.0 h1:FXzPCic5XmUluxQ6e7LYUhhLnxuQOBwry8qjG9k30UY=
github.com/gethinode/mod-leaflet v1.1.0/go.mod h1:Ei0x9WiL7Dbi4JeG6yI1CE63bT1QJ8sKi67Jea1wFSE=
github.com/gethinode/mod-lottie v1.5.4 h1:+xbamSsjcnP2tyzGl0CA1enma7gkAp67wenmuP0XELY=
github.com/gethinode/mod-lottie v1.5.4/go.mod h1:gALqz48aYpoDLxJOI3LzIpdy0Eq/lOBNtlcOxABa9tg=
github.com/gethinode/mod-utils/v2 v2.3.7 h1:FFsUPO7NBp9Bhjovf0Ki5hnDGfeMKV/3RNz1Qpv7+oQ=
github.com/gethinode/mod-utils/v2 v2.3.7/go.mod h1:GTYeknoLujNjfDxI+V9Dcug26CYJSTJ0B/U2dagw9oY=
github.com/nextapps-de/flexsearch v0.0.0-20240501124520-961c3ae84a87 h1:6PNbL0/LxO8Xl8MZSe5uvCidYNpFTz9nlWTqj2qdlzA=
github.com/nextapps-de/flexsearch v0.0.0-20240501124520-961c3ae84a87/go.mod h1:5GdMfPAXzbA2gXBqTjC6l27kioSYzHlqDMh0+wyx7sU=
github.com/twbs/bootstrap v5.3.3+incompatible h1:goFoqinzdHfkeegpFP7pvhbd0g+A3O2hbU3XCjuNrEQ=
github.com/twbs/bootstrap v5.3.3+incompatible/go.mod h1:fZTSrkpSf0/HkL0IIJzvVspTt1r9zuf7XlZau8kpcY0=
